
Microsoft Visual Studio Solution File, Format Version 12.00
# Visual Studio Version 17
VisualStudioVersion = 17.0.31903.59
MinimumVisualStudioVersion = 10.0.40219.1
Project("{2150E333-8FDC-42A3-9474-1A3956D46DE8}") = "src", "src", "{156B6C1B-F5B0-4D16-98BF-035E289039CF}"
EndProject
Project("{FAE04EC0-301F-11D3-BF4B-00C04F79EFBC}") = "Admin.RazorWebApp", "src\Admin.RazorWebApp\Admin.RazorWebApp.csproj", "{DAF28773-1CE6-4EE2-B0A8-9B9FD23672E8}"
EndProject
Global
	GlobalSection(SolutionConfigurationPlatforms) = preSolution
		Debug|Any CPU = Debug|Any CPU
		Release|Any CPU = Release|Any CPU
	EndGlobalSection
	GlobalSection(ProjectConfigurationPlatforms) = postSolution
		{DAF28773-1CE6-4EE2-B0A8-9B9FD23672E8}.Debug|Any CPU.ActiveCfg = Debug|Any CPU
		{DAF28773-1CE6-4EE2-B0A8-9B9FD23672E8}.Debug|Any CPU.Build.0 = Debug|Any CPU
		{DAF28773-1CE6-4EE2-B0A8-9B9FD23672E8}.Release|Any CPU.ActiveCfg = Release|Any CPU
		{DAF28773-1CE6-4EE2-B0A8-9B9FD23672E8}.Release|Any CPU.Build.0 = Release|Any CPU
	EndGlobalSection
	GlobalSection(SolutionProperties) = preSolution
		HideSolutionNode = FALSE
	EndGlobalSection
	GlobalSection(NestedProjects) = preSolution
		{DAF28773-1CE6-4EE2-B0A8-9B9FD23672E8} = {156B6C1B-F5B0-4D16-98BF-035E289039CF}
	EndGlobalSection
	GlobalSection(ExtensibilityGlobals) = postSolution
		SolutionGuid = {6C9EB83D-2FA1-4B1C-8DBC-1AC842A9DB5F}
	EndGlobalSection
EndGlobal
